
Microsoft Visual Studio Solution File, Format Version 12.00
# Visual Studio Version 17
VisualStudioVersion = 17.4.33122.133
MinimumVisualStudioVersion = 10.0.40219.1
Project("{FAE04EC0-301F-11D3-BF4B-00C04F79EFBC}") = "S3.FileUpload.API", "S3.FileUpload.API\S3.FileUpload.API.csproj", "{B849C60D-C258-4773-ADE6-05281BE50A91}"
EndProject
Global
	GlobalSection(SolutionConfigurationPlatforms) = preSolution
		Debug|Any CPU = Debug|Any CPU
		Release|Any CPU = Release|Any CPU
	EndGlobalSection
	GlobalSection(ProjectConfigurationPlatforms) = postSolution
		{B849C60D-C258-4773-ADE6-05281BE50A91}.Debug|Any CPU.ActiveCfg = Debug|Any CPU
		{B849C60D-C258-4773-ADE6-05281BE50A91}.Debug|Any CPU.Build.0 = Debug|Any CPU
		{B849C60D-C258-4773-ADE6-05281BE50A91}.Release|Any CPU.ActiveCfg = Release|Any CPU
		{B849C60D-C258-4773-ADE6-05281BE50A91}.Release|Any CPU.Build.0 = Release|Any CPU
	EndGlobalSection
	GlobalSection(SolutionProperties) = preSolution
		HideSolutionNode = FALSE
	EndGlobalSection
	GlobalSection(ExtensibilityGlobals) = postSolution
		SolutionGuid = {2AA1081F-973E-425B-844B-527D4EC0E762}
	EndGlobalSection
EndGlobal
